// !$*UTF8*$!
{
	archiveVersion = 1;
	classes = {
	};
	objectVersion = 46;
	objects = {

/* Begin PBXBuildFile section */
		05B97ABF1BC4F6C300F7713D /* precopy.txt in Resources */ = {isa = PBXBuildFile; fileRef = 05B97ABE1BC4F6C300F7713D /* precopy.txt */; };
		65363E795F0EB3CA7C5189CF /* main.m in Sources */ = {isa = PBXBuildFile; fileRef = 40E8BBE56C9E2CB876C28FAF /* main.m */; };
		6D38C8D9505DDA2923693A32 /* preregister.txt in Resources */ = {isa = PBXBuildFile; fileRef = 5A50DE7D2F6C4741ADC933B0 /* preregister.txt */; };
		77F228E3BBFAE0A8AB3BC56D /* MOE.framework in Embed Frameworks */ = {isa = PBXBuildFile; fileRef = C4FF8BF5ED370F14ABAF7A0C /* MOE.framework */; settings = {ATTRIBUTES = (CodeSignOnCopy, RemoveHeadersOnCopy, ); }; };
		798853DD4D1048C6F069D2D8 /* MOE.framework in Frameworks */ = {isa = PBXBuildFile; fileRef = C4FF8BF5ED370F14ABAF7A0C /* MOE.framework */; };
		B261A4AEED8C741EEB7C60B0 /* ../src/main/resources/MainUI.storyboard in Resources */ = {isa = PBXBuildFile; fileRef = E8B11D193F4B5CCEC6E7EF1C /* ../src/main/resources/MainUI.storyboard */; };
		E65DE1A21BB287EA0042C6E1 /* intel_logo.png in Resources */ = {isa = PBXBuildFile; fileRef = E65DE1A01BB287EA0042C6E1 /* intel_logo.png */; };
		E65DE1A31BB287EA0042C6E1 /* LaunchScreen.xib in Resources */ = {isa = PBXBuildFile; fileRef = E65DE1A11BB287EA0042C6E1 /* LaunchScreen.xib */; };
		E69A71DD1C0C54B100B6AA6C /* application.jar in Resources */ = {isa = PBXBuildFile; fileRef = E69A71DC1C0C54B100B6AA6C /* application.jar */; };
/* End PBXBuildFile section */

/* Begin PBXCopyFilesBuildPhase section */
		38DAE16DF833E0816C51AE73 /* Embed Frameworks */ = {
			isa = PBXCopyFilesBuildPhase;
			buildActionMask = 2147483647;
			dstPath = "";
			dstSubfolderSpec = 10;
			files = (
				77F228E3BBFAE0A8AB3BC56D /* MOE.framework in Embed Frameworks */,
			);
			name = "Embed Frameworks";
			runOnlyForDeploymentPostprocessing = 0;
		};
/* End PBXCopyFilesBuildPhase section */

/* Begin PBXFileReference section */
		05B97ABE1BC4F6C300F7713D /* precopy.txt */ = {isa = PBXFileReference; fileEncoding = 4; lastKnownFileType = text; path = precopy.txt; sourceTree = "<group>"; };
		05D6EF891BE0A845001EC12E /* custom.xcconfig */ = {isa = PBXFileReference; fileEncoding = 4; lastKnownFileType = text.xcconfig; path = custom.xcconfig; sourceTree = "<group>"; };
		071C5D33FA8C72D27747F44B /* build.xcconfig */ = {isa = PBXFileReference; lastKnownFileType = text.xcconfig; path = build.xcconfig; sourceTree = "<group>"; };
		3DA00464A5FC220C5F434AC8 /* Info.plist */ = {isa = PBXFileReference; lastKnownFileType = text.plist.xml; path = Info.plist; sourceTree = "<group>"; };
		40E8BBE56C9E2CB876C28FAF /* main.m */ = {isa = PBXFileReference; lastKnownFileType = sourcecode.c.objc; path = main.m; sourceTree = "<group>"; };
		47985CC559B0F9B1028ED2CC /* IOS.app */ = {isa = PBXFileReference; explicitFileType = wrapper.application; path = IOS.app; sourceTree = BUILT_PRODUCTS_DIR; };
		5A50DE7D2F6C4741ADC933B0 /* preregister.txt */ = {isa = PBXFileReference; lastKnownFileType = text; path = preregister.txt; sourceTree = "<group>"; };
		C4FF8BF5ED370F14ABAF7A0C /* MOE.framework */ = {isa = PBXFileReference; lastKnownFileType = wrapper.framework; path = MOE.framework; sourceTree = XRT_FRAMEWORK_PATH; };
		E65DE1A01BB287EA0042C6E1 /* intel_logo.png */ = {isa = PBXFileReference; lastKnownFileType = image.png; name = intel_logo.png; path = ../src/main/resources/intel_logo.png; sourceTree = "<group>"; };
		E65DE1A11BB287EA0042C6E1 /* LaunchScreen.xib */ = {isa = PBXFileReference; fileEncoding = 4; lastKnownFileType = file.xib; name = LaunchScreen.xib; path = ../src/main/resources/LaunchScreen.xib; sourceTree = "<group>"; };
		E69A71DC1C0C54B100B6AA6C /* application.jar */ = {isa = PBXFileReference; lastKnownFileType = archive.jar; name = application.jar; path = ../build/application.jar; sourceTree = "<group>"; };
		E8B11D193F4B5CCEC6E7EF1C /* ../src/main/resources/MainUI.storyboard */ = {isa = PBXFileReference; lastKnownFileType = file.storyboard; path = ../src/main/resources/MainUI.storyboard; sourceTree = "<group>"; };
/* End PBXFileReference section */

/* Begin PBXFrameworksBuildPhase section */
		C70C8FD5DF02FE2705B669B1 /* Frameworks */ = {
			isa = PBXFrameworksBuildPhase;
			buildActionMask = 2147483647;
			files = (
				798853DD4D1048C6F069D2D8 /* MOE.framework in Frameworks */,
			);
			runOnlyForDeploymentPostprocessing = 0;
		};
/* End PBXFrameworksBuildPhase section */

/* Begin PBXGroup section */
		6902C43C0D9E0E84004D0C79 /* IOS */ = {
			isa = PBXGroup;
			children = (
				F2B09292DCCB6016D8CB7BE9 /* Supporting Files */,
			);
			path = IOS;
			sourceTree = "<group>";
		};
		7B10CA9E0B5F2B5095D28AC2 /* Frameworks */ = {
			isa = PBXGroup;
			children = (
				C4FF8BF5ED370F14ABAF7A0C /* MOE.framework */,
			);
			name = Frameworks;
			sourceTree = "<group>";
		};
		C284D4955B0658AD9ACAA140 /* Resources */ = {
			isa = PBXGroup;
			children = (
				E69A71DC1C0C54B100B6AA6C /* application.jar */,
				E65DE1A01BB287EA0042C6E1 /* intel_logo.png */,
				E65DE1A11BB287EA0042C6E1 /* LaunchScreen.xib */,
				47985CC559B0F9B1028ED2CC /* IOS.app */,
				E8B11D193F4B5CCEC6E7EF1C /* ../src/main/resources/MainUI.storyboard */,
			);
			name = Resources;
			sourceTree = "<group>";
		};
		CFEC3CE65BC60931B8FED440 = {
			isa = PBXGroup;
			children = (
				6902C43C0D9E0E84004D0C79 /* IOS */,
				7B10CA9E0B5F2B5095D28AC2 /* Frameworks */,
				C284D4955B0658AD9ACAA140 /* Resources */,
			);
			sourceTree = "<group>";
		};
		F2B09292DCCB6016D8CB7BE9 /* Supporting Files */ = {
			isa = PBXGroup;
			children = (
				05D6EF891BE0A845001EC12E /* custom.xcconfig */,
				071C5D33FA8C72D27747F44B /* build.xcconfig */,
				40E8BBE56C9E2CB876C28FAF /* main.m */,
				3DA00464A5FC220C5F434AC8 /* Info.plist */,
				5A50DE7D2F6C4741ADC933B0 /* preregister.txt */,
				05B97ABE1BC4F6C300F7713D /* precopy.txt */,
			);
			name = "Supporting Files";
			sourceTree = "<group>";
		};
/* End PBXGroup section */

/* Begin PBXNativeTarget section */
		B5BD1FCE95561B2CD7008B9E /* IOS */ = {
			isa = PBXNativeTarget;
			buildConfigurationList = CD10100B152C4ECB58D650C8 /* Build configuration list for PBXNativeTarget "IOS" */;
			buildPhases = (
				D57A3982C0CEBEB73B4E3668 /* Compile Java Sources */,
				C70C8FD5DF02FE2705B669B1 /* Frameworks */,
				FC0315FF7C39138CCEFD74E3 /* Resources */,
				2AE31C9A3DB38676E42B4143 /* Sources */,
				38DAE16DF833E0816C51AE73 /* Embed Frameworks */,
				05B97ABD1BC4F68D00F7713D /* Custom Copy Script */,
			);
			buildRules = (
			);
			name = IOS;
			productName = IOS;
			productReference = 47985CC559B0F9B1028ED2CC /* IOS.app */;
			productType = "com.apple.product-type.application";
		};
/* End PBXNativeTarget section */

/* Begin PBXProject section */
		1F0DFBB8C734B7D23F32B8DA /* Project object */ = {
			isa = PBXProject;
			attributes = {
				ORGANIZATIONNAME = intel;
			};
			buildConfigurationList = 0150046EAC4321129AF80F03 /* Build configuration list for PBXProject "IOS" */;
			compatibilityVersion = "Xcode 3.2";
			developmentRegion = English;
			hasScannedForEncodings = 0;
			knownRegions = (
				en,
				Base,
			);
			mainGroup = CFEC3CE65BC60931B8FED440;
			productRefGroup = C284D4955B0658AD9ACAA140 /* Resources */;
			projectDirPath = "";
			projectRoot = "";
			targets = (
				B5BD1FCE95561B2CD7008B9E /* IOS */,
			);
		};
/* End PBXProject section */

/* Begin PBXResourcesBuildPhase section */
		FC0315FF7C39138CCEFD74E3 /* Resources */ = {
			isa = PBXResourcesBuildPhase;
			buildActionMask = 2147483647;
			files = (
				E69A71DD1C0C54B100B6AA6C /* application.jar in Resources */,
				E65DE1A31BB287EA0042C6E1 /* LaunchScreen.xib in Resources */,
				E65DE1A21BB287EA0042C6E1 /* intel_logo.png in Resources */,
				6D38C8D9505DDA2923693A32 /* preregister.txt in Resources */,
				B261A4AEED8C741EEB7C60B0 /* ../src/main/resources/MainUI.storyboard in Resources */,
				05B97ABF1BC4F6C300F7713D /* precopy.txt in Resources */,
			);
			runOnlyForDeploymentPostprocessing = 0;
		};
/* End PBXResourcesBuildPhase section */

/* Begin PBXShellScriptBuildPhase section */
		05B97ABD1BC4F68D00F7713D /* Custom Copy Script */ = {
			isa = PBXShellScriptBuildPhase;
			buildActionMask = 2147483647;
			files = (
			);
			inputPaths = (
			);
			name = "Custom Copy Script";
			outputPaths = (
			);
			runOnlyForDeploymentPostprocessing = 0;
			shellPath = /bin/bash;
			shellScript = "FILE=\"${SRCROOT}/${PROJECT_NAME}/precopy.txt\"\nwhile read line; do\nIFS=';' read -a stringarray <<< \"$line\"\ncp -r ${stringarray[0]} ${stringarray[1]}\n\nif [ -n \"${stringarray[2]}\" ]; then\n    /usr/bin/codesign --force --sign \"${stringarray[2]}\" --preserve-metadata=identifier,entitlements --timestamp=none ${stringarray[3]}\nfi\n\ndone < $FILE";
			showEnvVarsInLog = 0;
		};
		D57A3982C0CEBEB73B4E3668 /* Compile Java Sources */ = {
			isa = PBXShellScriptBuildPhase;
			buildActionMask = 2147483647;
			files = (
			);
			inputPaths = (
			);
			name = "Compile Java Sources";
			outputPaths = (
			);
			runOnlyForDeploymentPostprocessing = 0;
			shellPath = /bin/bash;
			shellScript = "cd ../\n\nexport JAVA_HOME=$(/usr/libexec/java_home -v 1.8)\njava -version\n\nfunction gradlePath {\n\tCD=\"$PWD\"\n\twhile [ \"$CD\" != \"\" ]; do\n\t\tif [ -x \"$CD/gradlew\" ]; then\n\t\t\tGRADLE_PATH=$CD/gradlew\n\t\t\treturn 0\n\t\tfi\n\t\tCD=\"${CD%/*}\"\n\tdone\n\n\tGRADLE_PATH=$(which 'gradle')\n\n\tif [ \"$GRADLE_PATH\" = \"\" ]; then\n\t\tGRADLE_PATH=/usr/local/bin/gradle\n\tfi\n}\ngradlePath\n\nif [ \"$XRT_SKIP_DEX\" == \"Yes\" ]; then\n\techo \"Compiling ART only...\"\n\t\"$GRADLE_PATH\" --daemon buildArtOat -Pxrt.archs=${arch}\n\texit\nfi\n\n\"$GRADLE_PATH\" --daemon compileJava proguard resPack buildRetro buildDex buildArtOat buildPreregister buildPrecopy -Pxrt.archs=\"${ARCHS}\"\n";
			showEnvVarsInLog = 0;
		};
/* End PBXShellScriptBuildPhase section */

/* Begin PBXSourcesBuildPhase section */
		2AE31C9A3DB38676E42B4143 /* Sources */ = {
			isa = PBXSourcesBuildPhase;
			buildActionMask = 2147483647;
			files = (
				65363E795F0EB3CA7C5189CF /* main.m in Sources */,
			);
			runOnlyForDeploymentPostprocessing = 0;
		};
/* End PBXSourcesBuildPhase section */

/* Begin XCBuildConfiguration section */
		20BF5A4FB608C6CAD4F8F6A3 /* Debug */ = {
			isa = XCBuildConfiguration;
			baseConfigurationReference = 071C5D33FA8C72D27747F44B /* build.xcconfig */;
			buildSettings = {
				ASSETCATALOG_COMPILER_APPICON_NAME = AppIcon;
				DEAD_CODE_STRIPPING = NO;
				ENABLE_BITCODE = NO;
				FRAMEWORK_SEARCH_PATHS = "$(inherited)";
				INFOPLIST_FILE = IOS/Info.plist;
				LD_RUNPATH_SEARCH_PATHS = "$(inherited) @executable_path/Frameworks";
				OTHER_LDFLAGS = (
					"${XRT_CUSTOM_OTHER_LDFLAGS}",
					"${XRT_OTHER_LDFLAGS}",
				);
				PRODUCT_NAME = IOS;
				STRIP_STYLE = "non-global";
				VALID_ARCHS = "armv7 arm64 i386 x86_64";
			};
			name = Debug;
		};
		43578807BCD4C6817A65470A /* Debug */ = {
			isa = XCBuildConfiguration;
			baseConfigurationReference = 071C5D33FA8C72D27747F44B /* build.xcconfig */;
			buildSettings = {
				ALWAYS_SEARCH_USER_PATHS = NO;
				CLANG_CXX_LANGUAGE_STANDARD = "gnu++0x";
				CLANG_CXX_LIBRARY = "libc++";
				CLANG_ENABLE_MODULES = YES;
				CLANG_ENABLE_OBJC_ARC = YES;
				CLANG_WARN_BOOL_CONVERSION = YES;
				CLANG_WARN_CONSTANT_CONVERSION = YES;
				CLANG_WARN_DIRECT_OBJC_ISA_USAGE = YES_ERROR;
				CLANG_WARN_EMPTY_BODY = YES;
				CLANG_WARN_ENUM_CONVERSION = YES;
				CLANG_WARN_INT_CONVERSION = YES;
				CLANG_WARN_OBJC_ROOT_CLASS = YES_ERROR;
				CLANG_WARN_UNREACHABLE_CODE = YES;
				CLANG_WARN__DUPLICATE_METHOD_MATCH = YES;
				CODE_SIGN_IDENTITY = "iPhone Developer";
				COPY_PHASE_STRIP = NO;
				ENABLE_STRICT_OBJC_MSGSEND = YES;
				FRAMEWORK_SEARCH_PATHS = (
					"$(inherited)",
					"${XRT_FRAMEWORK_PATH}",
				);
				GCC_C_LANGUAGE_STANDARD = gnu99;
				GCC_DYNAMIC_NO_PIC = YES;
				GCC_OPTIMIZATION_LEVEL = 0;
				GCC_PREPROCESSOR_DEFINITIONS = (
					"DEBUG=1",
					"$(inherited)",
				);
				GCC_SYMBOLS_PRIVATE_EXTERN = NO;
				GCC_WARN_64_TO_32_BIT_CONVERSION = YES;
				GCC_WARN_ABOUT_RETURN_TYPE = YES_ERROR;
				GCC_WARN_UNDECLARED_SELECTOR = YES;
				GCC_WARN_UNINITIALIZED_AUTOS = YES_AGGRESSIVE;
				GCC_WARN_UNUSED_FUNCTION = YES;
				GCC_WARN_UNUSED_VARIABLE = YES;
				IPHONEOS_DEPLOYMENT_TARGET = 8.0;
				LD_RUNPATH_SEARCH_PATHS = "$(inherited) ${XRT_FRAMEWORK_PATH}";
				MTL_ENABLE_DEBUG_INFO = YES;
				ONLY_ACTIVE_ARCH = NO;
				SDKROOT = iphoneos;
				SYMROOT = ../build/xcode;
				TARGETED_DEVICE_FAMILY = "1,2";
			};
			name = Debug;
		};
		52CCBB28F09FCD0BD4D07484 /* Release */ = {
			isa = XCBuildConfiguration;
			baseConfigurationReference = 071C5D33FA8C72D27747F44B /* build.xcconfig */;
			buildSettings = {
				ASSETCATALOG_COMPILER_APPICON_NAME = AppIcon;
				DEAD_CODE_STRIPPING = NO;
				ENABLE_BITCODE = NO;
				FRAMEWORK_SEARCH_PATHS = "$(inherited)";
				INFOPLIST_FILE = IOS/Info.plist;
				LD_RUNPATH_SEARCH_PATHS = "$(inherited) @executable_path/Frameworks";
				OTHER_LDFLAGS = (
					"${XRT_CUSTOM_OTHER_LDFLAGS}",
					"${XRT_OTHER_LDFLAGS}",
				);
				PRODUCT_NAME = IOS;
				STRIP_STYLE = "non-global";
				VALID_ARCHS = "armv7 arm64 i386 x86_64";
			};
			name = Release;
		};
		B73C44F4A89212CF9096ABDE /* Release */ = {
			isa = XCBuildConfiguration;
			baseConfigurationReference = 071C5D33FA8C72D27747F44B /* build.xcconfig */;
			buildSettings = {
				ALWAYS_SEARCH_USER_PATHS = NO;
				CLANG_CXX_LANGUAGE_STANDARD = "gnu++0x";
				CLANG_CXX_LIBRARY = "libc++";
				CLANG_ENABLE_MODULES = YES;
				CLANG_ENABLE_OBJC_ARC = YES;
				CLANG_WARN_BOOL_CONVERSION = YES;
				CLANG_WARN_CONSTANT_CONVERSION = YES;
				CLANG_WARN_DIRECT_OBJC_ISA_USAGE = YES_ERROR;
				CLANG_WARN_EMPTY_BODY = YES;
				CLANG_WARN_ENUM_CONVERSION = YES;
				CLANG_WARN_INT_CONVERSION = YES;
				CLANG_WARN_OBJC_ROOT_CLASS = YES_ERROR;
				CLANG_WARN_UNREACHABLE_CODE = YES;
				CLANG_WARN__DUPLICATE_METHOD_MATCH = YES;
				CODE_SIGN_IDENTITY = "iPhone Developer";
				COPY_PHASE_STRIP = NO;
				ENABLE_STRICT_OBJC_MSGSEND = YES;
				FRAMEWORK_SEARCH_PATHS = (
					"$(inherited)",
					"${XRT_FRAMEWORK_PATH}",
				);
				GCC_C_LANGUAGE_STANDARD = gnu99;
				GCC_DYNAMIC_NO_PIC = YES;
				GCC_OPTIMIZATION_LEVEL = 0;
				GCC_PREPROCESSOR_DEFINITIONS = (
					"DEBUG=1",
					"$(inherited)",
				);
				GCC_SYMBOLS_PRIVATE_EXTERN = NO;
				GCC_WARN_64_TO_32_BIT_CONVERSION = YES;
				GCC_WARN_ABOUT_RETURN_TYPE = YES_ERROR;
				GCC_WARN_UNDECLARED_SELECTOR = YES;
				GCC_WARN_UNINITIALIZED_AUTOS = YES_AGGRESSIVE;
				GCC_WARN_UNUSED_FUNCTION = YES;
				GCC_WARN_UNUSED_VARIABLE = YES;
				IPHONEOS_DEPLOYMENT_TARGET = 8.0;
				LD_RUNPATH_SEARCH_PATHS = "$(inherited) ${XRT_FRAMEWORK_PATH}";
				MTL_ENABLE_DEBUG_INFO = YES;
				ONLY_ACTIVE_ARCH = NO;
				SDKROOT = iphoneos;
				SYMROOT = ../build/xcode;
				TARGETED_DEVICE_FAMILY = "1,2";
			};
			name = Release;
		};
/* End XCBuildConfiguration section */

/* Begin XCConfigurationList section */
		0150046EAC4321129AF80F03 /* Build configuration list for PBXProject "IOS" */ = {
			isa = XCConfigurationList;
			buildConfigurations = (
				43578807BCD4C6817A65470A /* Debug */,
				B73C44F4A89212CF9096ABDE /* Release */,
			);
			defaultConfigurationIsVisible = 0;
			defaultConfigurationName = Release;
		};
		CD10100B152C4ECB58D650C8 /* Build configuration list for PBXNativeTarget "IOS" */ = {
			isa = XCConfigurationList;
			buildConfigurations = (
				20BF5A4FB608C6CAD4F8F6A3 /* Debug */,
				52CCBB28F09FCD0BD4D07484 /* Release */,
			);
			defaultConfigurationIsVisible = 0;
			defaultConfigurationName = Release;
		};
/* End XCConfigurationList section */
	};
	rootObject = 1F0DFBB8C734B7D23F32B8DA /* Project object */;
}
